{
  "name": "basic-memory-copilot-bridge",
  "version": "0.1.0",
  "lockfileVersion": 3,
  "requires": true,
  "packages": {
    "": {
      "name": "basic-memory-copilot-bridge",
      "version": "0.1.0",
      "license": "UNLICENSED",
      "dependencies": {
        "jsonc-parser": "^3.3.1"
      },
      "bin": {
        "basic-memory-copilot-bridge": "scripts/install.mjs"
      },
      "engines": {
        "node": ">=20"
      }
    },
    "node_modules/jsonc-parser": {
      "version": "3.3.1",
      "integrity": "sha1-8qUktPf9EePXkeVZl3rWC5i3mLQ=",
      "license": "MIT"
    }
  }
}
